github.com/uhppoted/uhppote-core v0.6.5 h1:oNDCsGa+Gnk0ofP7UaEGW1Ft36B1TnlPVGqAEyyJ5Gs=
github.com/uhppoted/uhppote-core v0.6.5/go.mod h1:vNtTfp28e+/hhDtHXdlCEhdqt8063rlnA06wbzWSuz0=
github.com/uhppoted/uhppote-core v0.6.6-0.20201215204907-3f760e5236ab h1:cFizleADlzZoTsU5lYnq9qQEKhLbDeVSQ2qaASjJkRs=
github.com/uhppoted/uhppote-core v0.6.6-0.20201215204907-3f760e5236ab/go.mod h1:CDoDTRrLF5pPI2G6PxpJ+AXDg/yvMDE+XGsYA0WUY1g=
github.com/uhppoted/uhppote-core v0.6.6-0.20201228212054-38568c253494 h1:S0KRVlpCbIpGoFvmKCUdNJaThrC4x1kdgzbQ9MfiTCY=
github.com/uhppoted/uhppote-core v0.6.6-0.20201228212054-38568c253494/go.mod h1:CDoDTRrLF5pPI2G6PxpJ+AXDg/yvMDE+XGsYA0WUY1g=
github.com/uhppoted/uhppote-core v0.6.6-0.20201231203202-5eebca2ae38a h1:/WU2f/rN/1raYDhT6niMBkBs6iEJFPbRdwp10GEKfYo=
github.com/uhppoted/uhppote-core v0.6.6-0.20201231203202-5eebca2ae38a/go.mod h1:CDoDTRrLF5pPI2G6PxpJ+AXDg/yvMDE+XGsYA0WUY1g=
github.com/uhppoted/uhppote-core v0.6.7 h1:XHEBOGUaVmRrE/eThaXL1uwCns+AQYodNkeuHkfUVNA=
github.com/uhppoted/uhppote-core v0.6.7/go.mod h1:CDoDTRrLF5pPI2G6PxpJ+AXDg/yvMDE+XGsYA0WUY1g=
github.com/uhppoted/uhppote-core v0.6.8-0.20210104223358-75a185a48184 h1:ZphFvW80GiRpuJeGajACxaHR6SyaGtViU/f5SFfIhl0=
github.com/uhppoted/uhppote-core v0.6.8-0.20210104223358-75a185a48184/go.mod h1:CDoDTRrLF5pPI2G6PxpJ+AXDg/yvMDE+XGsYA0WUY1g=
github.com/uhppoted/uhppote-core v0.6.8-0.20210105235034-44f022257138 h1:nGFguBykVFIRRsqRweMtqJomh25FIJY7aaap/6nS1Tg=
github.com/uhppoted/uhppote-core v0.6.8-0.20210105235034-44f022257138/go.mod h1:CDoDTRrLF5pPI2G6PxpJ+AXDg/yvMDE+XGsYA0WUY1g=
github.com/uhppoted/uhppote-core v0.6.8 h1:mcFPc9HOav2hMM2yDtuvEaD5q++vidL1XWTMZZ83b7g=
github.com/uhppoted/uhppote-core v0.6.8/go.mod h1:CDoDTRrLF5pPI2G6PxpJ+AXDg/yvMDE+XGsYA0WUY1g=
github.com/uhppoted/uhppote-core v0.6.9-0.20210120210234-345db80c65a5 h1:UyzkQPdBm07+Occiz0UUG1L/3BOCHgnI1MdCqC25a2s=
github.com/uhppoted/uhppote-core v0.6.9-0.20210120210234-345db80c65a5/go.mod h1:CDoDTRrLF5pPI2G6PxpJ+AXDg/yvMDE+XGsYA0WUY1g=
github.com/uhppoted/uhppote-core v0.6.10 h1:o1schS4g7CkIrizyYvKFxUsjwSMAZiVcj7D/taH4hTs=
github.com/uhppoted/uhppote-core v0.6.10/go.mod h1:CDoDTRrLF5pPI2G6PxpJ+AXDg/yvMDE+XGsYA0WUY1g=
github.com/uhppoted/uhppote-core v0.6.11-0.20210226202454-71c739c5db56 h1:ZjX3JKSMGvWnn32pV01Cb9t5TxmvSHKvaSPA4mHhiPE=
github.com/uhppoted/uhppote-core v0.6.11-0.20210226202454-71c739c5db56/go.mod h1:JOh6BcCGKf2/0c9rzauiia18ErO8mrtY9l0gdt0DxtU=
github.com/uhppoted/uhppote-core v0.6.11-0.20210301194000-dfcb3c9df000 h1:KNXnQzja4JQ8vE7Y/K7TzOPl+DIZ95QlKpjOf0mYsoo=
github.com/uhppoted/uhppote-core v0.6.11-0.20210301194000-dfcb3c9df000/go.mod h1:JOh6BcCGKf2/0c9rzauiia18ErO8mrtY9l0gdt0DxtU=
github.com/uhppoted/uhppote-core v0.6.11-0.20210330192842-7d2e13a5c0fd h1:4OhusgRlvTpKgaV8onVNDneHqIAcMFgjY0XgRoQRK6U=
github.com/uhppoted/uhppote-core v0.6.11-0.20210330192842-7d2e13a5c0fd/go.mod h1:JOh6BcCGKf2/0c9rzauiia18ErO8mrtY9l0gdt0DxtU=
github.com/uhppoted/uhppote-core v0.6.11-0.20210409192926-b3e9a6a47275 h1:Zc4dzgje2FVRJ+p6AK/hVBPe2WW6P7j/aUhu4oU1Wjw=
github.com/uhppoted/uhppote-core v0.6.11-0.20210409192926-b3e9a6a47275/go.mod h1:JotMSKgzWKGxdI1tWWGeajdCmWHJGsw5jSGmLCJ/xuU=
github.com/uhppoted/uhppote-core v0.6.11-0.20210414184825-1b6ea6243eaa h1:h4KAYuJ2zynpqit3esl5gSdUciC+7LfuprBikI2iWck=
github.com/uhppoted/uhppote-core v0.6.11-0.20210414184825-1b6ea6243eaa/go.mod h1:JotMSKgzWKGxdI1tWWGeajdCmWHJGsw5jSGmLCJ/xuU=
github.com/uhppoted/uhppote-core v0.6.11 h1:qPgISN/SNz3suT0yTSGLLBJjmMrx7fD5u0ETJVuLHTc=
github.com/uhppoted/uhppote-core v0.6.11/go.mod h1:CDoDTRrLF5pPI2G6PxpJ+AXDg/yvMDE+XGsYA0WUY1g=
golang.org/x/sys v0.0.0-20200812155832-6a926be9bd1d h1:QQrM/CCYEzTs91GZylDCQjGHudbPTxF/1fvXdVh5lMo=
golang.org/x/sys v0.0.0-20200812155832-6a926be9bd1d/go.mod h1:h1NjWce9XRLGQEsW7wpKNCjG9DtNlClVuFLEZdDNbEs=
golang.org/x/sys v0.0.0-20210217105451-b926d437f341 h1:2/QtM1mL37YmcsT8HaDNHDgTqqFVw+zr8UzMiBVLzYU=
golang.org/x/sys v0.0.0-20210217105451-b926d437f341/go.mod h1:h1NjWce9XRLGQEsW7wpKNCjG9DtNlClVuFLEZdDNbEs=
